
Microsoft Visual Studio Solution File, Format Version 12.00
# Visual Studio Version 16
VisualStudioVersion = 25.0.1705.6
MinimumVisualStudioVersion = 10.0.40219.1
Project("{FAE04EC0-301F-11D3-BF4B-00C04F79EFBC}") = "Exercide CDC2", "Exercide CDC2\Exercide CDC2.csproj", "{578B3D0E-8DA6-40CA-BEF7-CBDBBE0B7306}"
EndProject
Global
	GlobalSection(SolutionConfigurationPlatforms) = preSolution
		Debug|Any CPU = Debug|Any CPU
		Release|Any CPU = Release|Any CPU
	EndGlobalSection
	GlobalSection(ProjectConfigurationPlatforms) = postSolution
		{578B3D0E-8DA6-40CA-BEF7-CBDBBE0B7306}.Debug|Any CPU.ActiveCfg = Debug|Any CPU
		{578B3D0E-8DA6-40CA-BEF7-CBDBBE0B7306}.Debug|Any CPU.Build.0 = Debug|Any CPU
		{578B3D0E-8DA6-40CA-BEF7-CBDBBE0B7306}.Release|Any CPU.ActiveCfg = Release|Any CPU
		{578B3D0E-8DA6-40CA-BEF7-CBDBBE0B7306}.Release|Any CPU.Build.0 = Release|Any CPU
	EndGlobalSection
	GlobalSection(SolutionProperties) = preSolution
		HideSolutionNode = FALSE
	EndGlobalSection
	GlobalSection(ExtensibilityGlobals) = postSolution
		SolutionGuid = {0E6C8BD7-F2AC-469E-AA94-313CDBA6114F}
	EndGlobalSection
EndGlobal
