
Microsoft Visual Studio Solution File, Format Version 12.00
# Visual Studio Version 17
VisualStudioVersion = 17.6.33723.286
MinimumVisualStudioVersion = 10.0.40219.1
Project("{FAE04EC0-301F-11D3-BF4B-00C04F79EFBC}") = "Exercice Image", "Exercice Image.csproj", "{AC57C4C0-C3B8-4C06-B150-D59C75B5A33B}"
EndProject
Global
	GlobalSection(SolutionConfigurationPlatforms) = preSolution
		Debug|Any CPU = Debug|Any CPU
		Release|Any CPU = Release|Any CPU
	EndGlobalSection
	GlobalSection(ProjectConfigurationPlatforms) = postSolution
		{AC57C4C0-C3B8-4C06-B150-D59C75B5A33B}.Debug|Any CPU.ActiveCfg = Debug|Any CPU
		{AC57C4C0-C3B8-4C06-B150-D59C75B5A33B}.Debug|Any CPU.Build.0 = Debug|Any CPU
		{AC57C4C0-C3B8-4C06-B150-D59C75B5A33B}.Release|Any CPU.ActiveCfg = Release|Any CPU
		{AC57C4C0-C3B8-4C06-B150-D59C75B5A33B}.Release|Any CPU.Build.0 = Release|Any CPU
	EndGlobalSection
	GlobalSection(SolutionProperties) = preSolution
		HideSolutionNode = FALSE
	EndGlobalSection
	GlobalSection(ExtensibilityGlobals) = postSolution
		SolutionGuid = {A9CBBA46-D68D-472F-A00C-4C0398D517CA}
	EndGlobalSection
EndGlobal
