
Microsoft Visual Studio Solution File, Format Version 12.00
# Visual Studio Version 17
VisualStudioVersion = 17.6.33723.286
MinimumVisualStudioVersion = 10.0.40219.1
Project("{FAE04EC0-301F-11D3-BF4B-00C04F79EFBC}") = "Template", "Template.csproj", "{6ECE8FD9-1810-4E2D-9217-BFEEBDA3A68D}"
EndProject
Global
	GlobalSection(SolutionConfigurationPlatforms) = preSolution
		Debug|Any CPU = Debug|Any CPU
		Release|Any CPU = Release|Any CPU
	EndGlobalSection
	GlobalSection(ProjectConfigurationPlatforms) = postSolution
		{6ECE8FD9-1810-4E2D-9217-BFEEBDA3A68D}.Debug|Any CPU.ActiveCfg = Debug|Any CPU
		{6ECE8FD9-1810-4E2D-9217-BFEEBDA3A68D}.Debug|Any CPU.Build.0 = Debug|Any CPU
		{6ECE8FD9-1810-4E2D-9217-BFEEBDA3A68D}.Release|Any CPU.ActiveCfg = Release|Any CPU
		{6ECE8FD9-1810-4E2D-9217-BFEEBDA3A68D}.Release|Any CPU.Build.0 = Release|Any CPU
	EndGlobalSection
	GlobalSection(SolutionProperties) = preSolution
		HideSolutionNode = FALSE
	EndGlobalSection
	GlobalSection(ExtensibilityGlobals) = postSolution
		SolutionGuid = {3285F09D-4635-41AD-B55F-57780B9F11EF}
	EndGlobalSection
EndGlobal
